
Microsoft Visual Studio Solution File, Format Version 10.00
# Visual Studio 2008
Project("{8BC9CEB8-8B4A-11D0-8D11-00A0C91BC942}") = "libaof", "libaof\libaof.vcproj", "{46A2C5D1-B3AA-46E9-B353-56047AD3E793}"
EndProject
Project("{8BC9CEB8-8B4A-11D0-8D11-00A0C91BC942}") = "aoftest", "aoftest\aoftest.vcproj", "{2BEB23E7-7981-4A32-B551-5365903F1F0C}"
	ProjectSection(ProjectDependencies) = postProject
		{46A2C5D1-B3AA-46E9-B353-56047AD3E793} = {46A2C5D1-B3AA-46E9-B353-56047AD3E793}
	EndProjectSection
EndProject
Global
	GlobalSection(SolutionConfigurationPlatforms) = preSolution
		Debug|Win32 = Debug|Win32
		Release|Win32 = Release|Win32
	EndGlobalSection
	GlobalSection(ProjectConfigurationPlatforms) = postSolution
		{46A2C5D1-B3AA-46E9-B353-56047AD3E793}.Debug|Win32.ActiveCfg = Debug|Win32
		{46A2C5D1-B3AA-46E9-B353-56047AD3E793}.Debug|Win32.Build.0 = Debug|Win32
		{46A2C5D1-B3AA-46E9-B353-56047AD3E793}.Release|Win32.ActiveCfg = Release|Win32
		{46A2C5D1-B3AA-46E9-B353-56047AD3E793}.Release|Win32.Build.0 = Release|Win32
		{2BEB23E7-7981-4A32-B551-5365903F1F0C}.Debug|Win32.ActiveCfg = Debug|Win32
		{2BEB23E7-7981-4A32-B551-5365903F1F0C}.Debug|Win32.Build.0 = Debug|Win32
		{2BEB23E7-7981-4A32-B551-5365903F1F0C}.Release|Win32.ActiveCfg = Release|Win32
		{2BEB23E7-7981-4A32-B551-5365903F1F0C}.Release|Win32.Build.0 = Release|Win32
	EndGlobalSection
	GlobalSection(SolutionProperties) = preSolution
		HideSolutionNode = FALSE
	EndGlobalSection
EndGlobal
